
Microsoft Visual Studio Solution File, Format Version 12.00
# Visual Studio 15
VisualStudioVersion = 15.0.26730.12
MinimumVisualStudioVersion = 10.0.40219.1
Project("{FAE04EC0-301F-11D3-BF4B-00C04F79EFBC}") = "ScrollingScreenshot", "ScrollingScreenshot\ScrollingScreenshot.csproj", "{71EBD32D-7C49-4810-984E-A2B7DEA457F6}"
EndProject
Global
	GlobalSection(SolutionConfigurationPlatforms) = preSolution
		Debug|Any CPU = Debug|Any CPU
		Release|Any CPU = Release|Any CPU
	EndGlobalSection
	GlobalSection(ProjectConfigurationPlatforms) = postSolution
		{71EBD32D-7C49-4810-984E-A2B7DEA457F6}.Debug|Any CPU.ActiveCfg = Debug|Any CPU
		{71EBD32D-7C49-4810-984E-A2B7DEA457F6}.Debug|Any CPU.Build.0 = Debug|Any CPU
		{71EBD32D-7C49-4810-984E-A2B7DEA457F6}.Release|Any CPU.ActiveCfg = Release|Any CPU
		{71EBD32D-7C49-4810-984E-A2B7DEA457F6}.Release|Any CPU.Build.0 = Release|Any CPU
	EndGlobalSection
	GlobalSection(SolutionProperties) = preSolution
		HideSolutionNode = FALSE
	EndGlobalSection
	GlobalSection(ExtensibilityGlobals) = postSolution
		SolutionGuid = {F9219954-D359-4196-8E13-469E8BBC25A3}
	EndGlobalSection
EndGlobal
